
Microsoft Visual Studio Solution File, Format Version 12.00
# Visual Studio Version 17
VisualStudioVersion = 17.0.31903.59
MinimumVisualStudioVersion = 10.0.40219.1
Project("{FAE04EC0-301F-11D3-BF4B-00C04F79EFBC}") = "App", "App\App.csproj", "{F5F9FDE9-9FC7-4AD6-958D-1B04C7A72D4E}"
EndProject
Project("{FAE04EC0-301F-11D3-BF4B-00C04F79EFBC}") = "UI", "UI\UI.csproj", "{7AB388C1-BC92-4401-A6AF-CA3A58B754F8}"
EndProject
Global
	GlobalSection(SolutionConfigurationPlatforms) = preSolution
		Debug|Any CPU = Debug|Any CPU
		Release|Any CPU = Release|Any CPU
	EndGlobalSection
	GlobalSection(SolutionProperties) = preSolution
		HideSolutionNode = FALSE
	EndGlobalSection
	GlobalSection(ProjectConfigurationPlatforms) = postSolution
		{F5F9FDE9-9FC7-4AD6-958D-1B04C7A72D4E}.Debug|Any CPU.ActiveCfg = Debug|Any CPU
		{F5F9FDE9-9FC7-4AD6-958D-1B04C7A72D4E}.Debug|Any CPU.Build.0 = Debug|Any CPU
		{F5F9FDE9-9FC7-4AD6-958D-1B04C7A72D4E}.Release|Any CPU.ActiveCfg = Release|Any CPU
		{F5F9FDE9-9FC7-4AD6-958D-1B04C7A72D4E}.Release|Any CPU.Build.0 = Release|Any CPU
		{7AB388C1-BC92-4401-A6AF-CA3A58B754F8}.Debug|Any CPU.ActiveCfg = Debug|Any CPU
		{7AB388C1-BC92-4401-A6AF-CA3A58B754F8}.Debug|Any CPU.Build.0 = Debug|Any CPU
		{7AB388C1-BC92-4401-A6AF-CA3A58B754F8}.Release|Any CPU.ActiveCfg = Release|Any CPU
		{7AB388C1-BC92-4401-A6AF-CA3A58B754F8}.Release|Any CPU.Build.0 = Release|Any CPU
	EndGlobalSection
EndGlobal
